
Microsoft Visual Studio Solution File, Format Version 12.00
Project("{FAE04EC0-301F-11D3-BF4B-00C04F79EFBC}") = "Kwork_01", "Kwork_01\Kwork_01.csproj", "{B0D3FEC3-4FC9-4738-A4B8-17B70026697F}"
EndProject
Global
	GlobalSection(SolutionConfigurationPlatforms) = preSolution
		Debug|Any CPU = Debug|Any CPU
		Release|Any CPU = Release|Any CPU
	EndGlobalSection
	GlobalSection(ProjectConfigurationPlatforms) = postSolution
		{B0D3FEC3-4FC9-4738-A4B8-17B70026697F}.Debug|Any CPU.ActiveCfg = Debug|Any CPU
		{B0D3FEC3-4FC9-4738-A4B8-17B70026697F}.Debug|Any CPU.Build.0 = Debug|Any CPU
		{B0D3FEC3-4FC9-4738-A4B8-17B70026697F}.Release|Any CPU.ActiveCfg = Release|Any CPU
		{B0D3FEC3-4FC9-4738-A4B8-17B70026697F}.Release|Any CPU.Build.0 = Release|Any CPU
	EndGlobalSection
EndGlobal
